
Microsoft Visual Studio Solution File, Format Version 12.00
Project("{FAE04EC0-301F-11D3-BF4B-00C04F79EFBC}") = "Headgear", "Headgear\Headgear.csproj", "{30546A8F-DE1B-41D4-8502-3C1188EA4E6D}"
EndProject
Global
	GlobalSection(SolutionConfigurationPlatforms) = preSolution
		Debug|Any CPU = Debug|Any CPU
		Release|Any CPU = Release|Any CPU
	EndGlobalSection
	GlobalSection(ProjectConfigurationPlatforms) = postSolution
		{30546A8F-DE1B-41D4-8502-3C1188EA4E6D}.Debug|Any CPU.ActiveCfg = Debug|Any CPU
		{30546A8F-DE1B-41D4-8502-3C1188EA4E6D}.Debug|Any CPU.Build.0 = Debug|Any CPU
		{30546A8F-DE1B-41D4-8502-3C1188EA4E6D}.Release|Any CPU.ActiveCfg = Release|Any CPU
		{30546A8F-DE1B-41D4-8502-3C1188EA4E6D}.Release|Any CPU.Build.0 = Release|Any CPU
	EndGlobalSection
EndGlobal
